{
  "version": 4,
  "terraform_version": "0.14.2",
  "serial": 14,
  "lineage": "2b2e6ea9-eed2-b734-a212-90970210e9f0",
  "outputs": {
    "endpoint": {
      "value": "35.239.121.121",
      "type": "string"
    },
    "ip_cidr_range": {
      "value": "10.240.0.0/24",
      "type": "string"
    },
    "master_instance_sql_ipv4": {
      "value": "34.67.40.118",
      "type": "string"
    },
    "project_id": {
      "value": "qwiklabs-gcp-03-aaba714f0a7e",
      "type": "string"
    },
    "vpc_name": {
      "value": "dev-vpc",
      "type": "string"
    }
  },
  "resources": [
    {
      "mode": "data",
      "type": "google_container_engine_versions",
      "name": "central1a",
      "provider": "provider[\"registry.terraform.io/hashicorp/google\"]",
      "instances": [
        {
          "schema_version": 0,
          "attributes": {
            "default_cluster_version": "1.17.17-gke.3700",
            "id": "2021-05-02 14:50:19.261328 +0000 UTC",
            "latest_master_version": "1.19.9-gke.1400",
            "latest_node_version": "1.19.9-gke.1400",
            "location": "us-central1-a",
            "project": null,
            "release_channel_default_version": {
              "RAPID": "1.19.9-gke.700",
              "REGULAR": "1.18.16-gke.502",
              "STABLE": "1.17.17-gke.3700"
            },
            "valid_master_versions": [
              "1.19.9-gke.1400",
              "1.19.8-gke.1600",
              "1.18.17-gke.1200",
              "1.18.17-gke.700",
              "1.18.17-gke.100",
              "1.18.16-gke.2100",
              "1.18.16-gke.1201",
              "1.18.16-gke.502",
              "1.18.16-gke.302",
              "1.18.16-gke.300",
              "1.18.15-gke.1502",
              "1.18.15-gke.1501",
              "1.17.17-gke.6000",
              "1.17.17-gke.5400",
              "1.17.17-gke.4900",
              "1.17.17-gke.4400",
              "1.17.17-gke.3700",
              "1.17.17-gke.3000",
              "1.17.17-gke.2800",
              "1.17.17-gke.1500",
              "1.17.17-gke.1101",
              "1.16.15-gke.14800",
              "1.16.15-gke.12500"
            ],
            "valid_node_versions": [
              "1.19.9-gke.1400",
              "1.19.8-gke.1600",
              "1.18.17-gke.1200",
              "1.18.17-gke.700",
              "1.18.17-gke.100",
              "1.18.16-gke.2100",
              "1.18.16-gke.1201",
              "1.18.16-gke.1200",
              "1.18.16-gke.502",
              "1.18.16-gke.500",
              "1.18.16-gke.302",
              "1.18.16-gke.300",
              "1.18.15-gke.2500",
              "1.18.15-gke.1502",
              "1.18.15-gke.1501",
              "1.18.15-gke.1500",
              "1.18.15-gke.1102",
              "1.18.15-gke.1100",
              "1.18.15-gke.800",
              "1.18.14-gke.1600",
              "1.18.14-gke.1200",
              "1.18.12-gke.1210",
              "1.18.12-gke.1206",
              "1.18.12-gke.1205",
              "1.18.12-gke.1201",
              "1.18.12-gke.1200",
              "1.18.12-gke.300",
              "1.18.10-gke.2701",
              "1.18.10-gke.2101",
              "1.18.10-gke.1500",
              "1.18.10-gke.601",
              "1.18.9-gke.2501",
              "1.18.9-gke.1501",
              "1.18.9-gke.801",
              "1.18.6-gke.4801",
              "1.18.6-gke.3504",
              "1.18.6-gke.3503",
              "1.17.17-gke.6000",
              "1.17.17-gke.5400",
              "1.17.17-gke.4900",
              "1.17.17-gke.4400",
              "1.17.17-gke.3700",
              "1.17.17-gke.3000",
              "1.17.17-gke.2800",
              "1.17.17-gke.2500",
              "1.17.17-gke.1500",
              "1.17.17-gke.1101",
              "1.17.17-gke.1100",
              "1.17.17-gke.600",
              "1.17.16-gke.1600",
              "1.17.16-gke.1300",
              "1.17.15-gke.800",
              "1.17.15-gke.300",
              "1.17.14-gke.1600",
              "1.17.14-gke.1200",
              "1.17.14-gke.400",
              "1.17.13-gke.2600",
              "1.17.13-gke.2001",
              "1.17.13-gke.1401",
              "1.17.13-gke.1400",
              "1.17.13-gke.600",
              "1.17.12-gke.2502",
              "1.17.12-gke.1504",
              "1.17.12-gke.1501",
              "1.17.12-gke.500",
              "1.17.9-gke.6300",
              "1.17.9-gke.1504",
              "1.16.15-gke.14800",
              "1.16.15-gke.12500",
              "1.16.15-gke.11800",
              "1.16.15-gke.10600",
              "1.16.15-gke.7801",
              "1.16.15-gke.7800",
              "1.16.15-gke.7300",
              "1.16.15-gke.6900",
              "1.16.15-gke.6000",
              "1.16.15-gke.5500",
              "1.16.15-gke.4901",
              "1.16.15-gke.4301",
              "1.16.15-gke.4300",
              "1.16.15-gke.3500",
              "1.16.15-gke.2601",
              "1.16.15-gke.1600",
              "1.16.15-gke.500",
              "1.16.13-gke.404",
              "1.16.13-gke.403",
              "1.16.13-gke.401",
              "1.16.13-gke.400",
              "1.16.13-gke.1",
              "1.16.11-gke.5",
              "1.16.10-gke.8",
              "1.16.9-gke.6",
              "1.16.9-gke.2",
              "1.16.8-gke.15",
              "1.16.8-gke.12",
              "1.16.8-gke.9",
              "1.15.12-gke.6002",
              "1.15.12-gke.6001",
              "1.15.12-gke.5000",
              "1.15.12-gke.4002",
              "1.15.12-gke.4000",
              "1.15.12-gke.20",
              "1.15.12-gke.17",
              "1.15.12-gke.16",
              "1.15.12-gke.13",
              "1.15.12-gke.9",
              "1.15.12-gke.6",
              "1.15.12-gke.3",
              "1.15.12-gke.2",
              "1.15.11-gke.17",
              "1.15.11-gke.15",
              "1.15.11-gke.13",
              "1.15.11-gke.12",
              "1.15.11-gke.11",
              "1.15.11-gke.9",
              "1.15.11-gke.5",
              "1.15.11-gke.3",
              "1.15.11-gke.1",
              "1.15.9-gke.26",
              "1.15.9-gke.24",
              "1.15.9-gke.22",
              "1.15.9-gke.12",
              "1.15.9-gke.9",
              "1.15.9-gke.8",
              "1.15.8-gke.3",
              "1.15.8-gke.2",
              "1.15.7-gke.23",
              "1.15.7-gke.2",
              "1.15.4-gke.22",
              "1.14.10-gke.1504",
              "1.14.10-gke.902",
              "1.14.10-gke.50",
              "1.14.10-gke.46",
              "1.14.10-gke.45",
              "1.14.10-gke.42",
              "1.14.10-gke.41",
              "1.14.10-gke.40",
              "1.14.10-gke.37",
              "1.14.10-gke.36",
              "1.14.10-gke.34",
              "1.14.10-gke.32",
              "1.14.10-gke.31",
              "1.14.10-gke.27",
              "1.14.10-gke.24",
              "1.14.10-gke.22",
              "1.14.10-gke.21",
              "1.14.10-gke.17",
              "1.14.10-gke.0",
              "1.14.9-gke.23",
              "1.14.9-gke.2",
              "1.14.9-gke.0",
              "1.14.8-gke.33",
              "1.14.8-gke.21",
              "1.14.8-gke.18",
              "1.14.8-gke.17",
              "1.14.8-gke.14",
              "1.14.8-gke.12",
              "1.14.8-gke.7",
              "1.14.8-gke.2",
              "1.14.7-gke.40",
              "1.14.7-gke.25",
              "1.14.7-gke.23",
              "1.14.7-gke.17",
              "1.14.7-gke.14",
              "1.14.7-gke.10",
              "1.14.6-gke.13",
              "1.14.6-gke.2",
              "1.14.6-gke.1",
              "1.14.3-gke.11",
              "1.14.3-gke.10",
              "1.14.3-gke.9",
              "1.14.2-gke.9",
              "1.14.1-gke.5",
              "1.13.12-gke.30",
              "1.13.12-gke.25",
              "1.13.12-gke.17",
              "1.13.12-gke.16",
              "1.13.12-gke.14",
              "1.13.12-gke.13",
              "1.13.12-gke.10",
              "1.13.12-gke.8",
              "1.13.12-gke.4",
              "1.13.12-gke.2",
              "1.13.11-gke.23",
              "1.13.11-gke.15",
              "1.13.11-gke.14",
              "1.13.11-gke.12",
              "1.13.11-gke.11",
              "1.13.11-gke.9",
              "1.13.11-gke.5",
              "1.13.10-gke.7",
              "1.13.10-gke.0",
              "1.13.9-gke.11",
              "1.13.9-gke.3",
              "1.13.7-gke.24",
              "1.13.7-gke.19",
              "1.13.7-gke.15",
              "1.13.7-gke.8",
              "1.13.7-gke.0",
              "1.13.6-gke.13",
              "1.13.6-gke.6",
              "1.13.6-gke.5",
              "1.13.6-gke.0",
              "1.13.5-gke.10",
              "1.12.10-gke.22",
              "1.12.10-gke.20",
              "1.12.10-gke.19",
              "1.12.10-gke.18",
              "1.12.10-gke.17",
              "1.12.10-gke.15",
              "1.12.10-gke.13",
              "1.12.10-gke.11",
              "1.12.10-gke.5",
              "1.12.9-gke.16",
              "1.12.9-gke.15",
              "1.12.9-gke.13",
              "1.12.9-gke.10",
              "1.12.9-gke.7",
              "1.12.9-gke.3",
              "1.12.8-gke.12",
              "1.12.8-gke.10",
              "1.12.8-gke.7",
              "1.12.8-gke.6",
              "1.12.7-gke.26",
              "1.12.7-gke.25",
              "1.12.7-gke.24",
              "1.12.7-gke.22",
              "1.12.7-gke.21",
              "1.12.7-gke.17",
              "1.12.7-gke.10",
              "1.12.7-gke.7",
              "1.12.6-gke.11",
              "1.12.6-gke.10",
              "1.12.6-gke.7",
              "1.12.5-gke.10",
              "1.12.5-gke.5",
              "1.11.10-gke.6",
              "1.11.10-gke.5"
            ],
            "version_prefix": null
          },
          "sensitive_attributes": []
        }
      ]
    },
    {
      "module": "module.cloudsql",
      "mode": "managed",
      "type": "google_sql_database_instance",
      "name": "master",
      "provider": "provider[\"registry.terraform.io/hashicorp/google\"]",
      "instances": [
        {
          "schema_version": 0,
          "attributes": {
            "clone": [],
            "connection_name": "qwiklabs-gcp-03-aaba714f0a7e:us-central1:sql-dev-917bf9b7",
            "database_version": "POSTGRES_9_6",
            "deletion_protection": true,
            "first_ip_address": "34.67.40.118",
            "id": "sql-dev-917bf9b7",
            "ip_address": [
              {
                "ip_address": "34.67.40.118",
                "time_to_retire": "",
                "type": "PRIMARY"
              }
            ],
            "master_instance_name": "",
            "name": "sql-dev-917bf9b7",
            "private_ip_address": "",
            "project": "qwiklabs-gcp-03-aaba714f0a7e",
            "public_ip_address": "34.67.40.118",
            "region": "us-central1",
            "replica_configuration": [],
            "restore_backup_context": [],
            "root_password": null,
            "self_link": "https://sqladmin.googleapis.com/sql/v1beta4/projects/qwiklabs-gcp-03-aaba714f0a7e/instances/sql-dev-917bf9b7",
            "server_ca_cert": [
              {
                "cert": "-----BEGIN CERTIFICATE-----\nMIIDfzCCAmegAwIBAgIBADANBgkqhkiG9w0BAQsFADB3MS0wKwYDVQQuEyQ1ODJj\nMGZjMS1jZGRlLTRjMzgtYjAxOS1lYjlkYzM0MDI2NTIxIzAhBgNVBAMTGkdvb2ds\nZSBDbG91ZCBTUUwgU2VydmVyIENBMRQwEgYDVQQKEwtHb29nbGUsIEluYzELMAkG\nA1UEBhMCVVMwHhcNMjEwNTAyMTQxODQ4WhcNMzEwNDMwMTQxOTQ4WjB3MS0wKwYD\nVQQuEyQ1ODJjMGZjMS1jZGRlLTRjMzgtYjAxOS1lYjlkYzM0MDI2NTIxIzAhBgNV\nBAMTGkdvb2dsZSBDbG91ZCBTUUwgU2VydmVyIENBMRQwEgYDVQQKEwtHb29nbGUs\nIEluYzELMAkGA1UEBhMCVVMwggEiMA0GCSqGSIb3DQEBAQUAA4IBDwAwggEKAoIB\nAQCDI7COCgJrCCTw7DMpGVkU99GbYdFFgvld8yrzQeuSLUYOLrSMF6NAo10C2Rsc\nw3Xbo4DKHX8pO2sjwD1kSx7QAAyRxKLkYRxArgWsD2E1gd6tkJS9n2wKhHUqrYrb\nwuT6FkDCfTyPEX/R0BW3/T/GLmi8Yx30vHgPAcxzU2GWdIbn/CIFuB477xACEPZI\nAkQiCUu3xEXEjvwcL0ItDv8klyWvfvrTV7tkCZLrOoC3fUjWY0pI+DzGt2fUaw8E\nfH+lQ/tQfTem3f2vgQBdOOx+Kp4JQDnv5I8pR9O4gesfWLY7oezqR+wBhmjYNM5h\n6+5GBfoMZoB10o9U+dDeJ/a/AgMBAAGjFjAUMBIGA1UdEwEB/wQIMAYBAf8CAQAw\nDQYJKoZIhvcNAQELBQADggEBAHmnYoiNftJ9hrykwaCnVy8zw1HsdDIkwL6mmA5D\nK6msRMNhQ3nlcaQK3vrUkiZqjs8AJL9XrJX2iB14Xh9+plrFCUkHJELP01KyMvLh\n0zbJvXreIfopheYDdesdf2Ps9AIcqhckOW9ekpL4SNgQtK/SxDnXBS89WK0v0e9S\nx9W0VufEcx98OF3dgJN9l2ReEJ8OZOc1n/M8o6XftHyR5DUwCLwocgr4JV31VUQp\n6lfjxf2URdsg6EVYBZWu09rxxBN+LktPQ4ZvvJoEC0HDkKZiIlDKB5JVsG+XWGpC\nMvjoc+/lYixT6G6d205/i9xHms8HFrEp+BL1shk0ktbXYsY=\n-----END CERTIFICATE-----",
                "common_name": "C=US,O=Google\\, Inc,CN=Google Cloud SQL Server CA,dnQualifier=582c0fc1-cdde-4c38-b019-eb9dc3402652",
                "create_time": "2021-05-02T14:18:48.109Z",
                "expiration_time": "2031-04-30T14:19:48.109Z",
                "sha1_fingerprint": "76925de1252c7d2bf720a71af2441b193af39370"
              }
            ],
            "service_account_email_address": "p183239314933-p6cvq2@gcp-sa-cloud-sql.iam.gserviceaccount.com",
            "settings": [
              {
                "activation_policy": "ALWAYS",
                "authorized_gae_applications": [],
                "availability_type": "ZONAL",
                "backup_configuration": [
                  {
                    "backup_retention_settings": [
                      {
                        "retained_backups": 7,
                        "retention_unit": "COUNT"
                      }
                    ],
                    "binary_log_enabled": false,
                    "enabled": true,
                    "location": "",
                    "point_in_time_recovery_enabled": false,
                    "start_time": "00:00",
                    "transaction_log_retention_days": 7
                  }
                ],
                "crash_safe_replication": false,
                "database_flags": [],
                "disk_autoresize": true,
                "disk_size": 10,
                "disk_type": "PD_SSD",
                "insights_config": [],
                "ip_configuration": [
                  {
                    "authorized_networks": [],
                    "ipv4_enabled": true,
                    "private_network": "",
                    "require_ssl": false
                  }
                ],
                "location_preference": [
                  {
                    "follow_gae_application": "",
                    "zone": "us-central1-a"
                  }
                ],
                "maintenance_window": [],
                "pricing_plan": "PER_USE",
                "replication_type": "SYNCHRONOUS",
                "tier": "db-f1-micro",
                "user_labels": {},
                "version": 1
              }
            ],
            "timeouts": null
          },
          "sensitive_attributes": [],
          "private": "eyJlMmJmYjczMC1lY2FhLTExZTYtOGY4OC0zNDM2M2JjN2M0YzAiOnsiY3JlYXRlIjoxODAwMDAwMDAwMDAwLCJkZWxldGUiOjE4MDAwMDAwMDAwMDAsInVwZGF0ZSI6MTgwMDAwMDAwMDAwMH19",
          "dependencies": [
            "module.cloudsql.random_id.id"
          ]
        }
      ]
    },
    {
      "module": "module.cloudsql",
      "mode": "managed",
      "type": "google_sql_user",
      "name": "user",
      "provider": "provider[\"registry.terraform.io/hashicorp/google\"]",
      "instances": [
        {
          "schema_version": 1,
          "attributes": {
            "deletion_policy": null,
            "host": "",
            "id": "msashish//sql-dev-917bf9b7",
            "instance": "sql-dev-917bf9b7",
            "name": "msashish",
            "password": "ShreeGanesh@1",
            "project": "qwiklabs-gcp-03-aaba714f0a7e",
            "timeouts": null,
            "type": ""
          },
          "sensitive_attributes": [],
          "private": "eyJlMmJmYjczMC1lY2FhLTExZTYtOGY4OC0zNDM2M2JjN2M0YzAiOnsiY3JlYXRlIjo2MDAwMDAwMDAwMDAsImRlbGV0ZSI6NjAwMDAwMDAwMDAwLCJ1cGRhdGUiOjYwMDAwMDAwMDAwMH0sInNjaGVtYV92ZXJzaW9uIjoiMSJ9",
          "dependencies": [
            "module.cloudsql.google_sql_database_instance.master",
            "module.cloudsql.google_sql_database_instance.replica",
            "module.cloudsql.random_id.id"
          ]
        }
      ]
    },
    {
      "module": "module.cloudsql",
      "mode": "managed",
      "type": "random_id",
      "name": "id",
      "provider": "module.cloudsql.provider[\"registry.terraform.io/hashicorp/random\"]",
      "instances": [
        {
          "schema_version": 0,
          "attributes": {
            "b64_std": "sql-dev-kXv5tw==",
            "b64_url": "sql-dev-kXv5tw",
            "byte_length": 4,
            "dec": "sql-dev-2440821175",
            "hex": "sql-dev-917bf9b7",
            "id": "kXv5tw",
            "keepers": null,
            "prefix": "sql-dev-"
          },
          "sensitive_attributes": [],
          "private": "bnVsbA=="
        }
      ]
    },
    {
      "module": "module.firewall",
      "mode": "managed",
      "type": "google_compute_firewall",
      "name": "firewalli-ext",
      "provider": "provider[\"registry.terraform.io/hashicorp/google\"]",
      "instances": [
        {
          "schema_version": 1,
          "attributes": {
            "allow": [
              {
                "ports": [
                  "22",
                  "6443"
                ],
                "protocol": "tcp"
              },
              {
                "ports": [],
                "protocol": "icmp"
              }
            ],
            "creation_timestamp": "2021-05-02T07:16:58.347-07:00",
            "deny": [],
            "description": "",
            "destination_ranges": [],
            "direction": "INGRESS",
            "disabled": false,
            "enable_logging": null,
            "id": "projects/qwiklabs-gcp-03-aaba714f0a7e/global/firewalls/dev-firewall-ext",
            "log_config": [],
            "name": "dev-firewall-ext",
            "network": "https://www.googleapis.com/compute/v1/projects/qwiklabs-gcp-03-aaba714f0a7e/global/networks/dev-vpc",
            "priority": 1000,
            "project": "qwiklabs-gcp-03-aaba714f0a7e",
            "self_link": "https://www.googleapis.com/compute/v1/projects/qwiklabs-gcp-03-aaba714f0a7e/global/firewalls/dev-firewall-ext",
            "source_ranges": [
              "0.0.0.0/0"
            ],
            "source_service_accounts": [],
            "source_tags": [],
            "target_service_accounts": [],
            "target_tags": [],
            "timeouts": null
          },
          "sensitive_attributes": [],
          "private": "eyJlMmJmYjczMC1lY2FhLTExZTYtOGY4OC0zNDM2M2JjN2M0YzAiOnsiY3JlYXRlIjoyNDAwMDAwMDAwMDAsImRlbGV0ZSI6MjQwMDAwMDAwMDAwLCJ1cGRhdGUiOjI0MDAwMDAwMDAwMH0sInNjaGVtYV92ZXJzaW9uIjoiMSJ9",
          "dependencies": [
            "module.vpc.google_compute_network.vpc"
          ]
        }
      ]
    },
    {
      "module": "module.firewall",
      "mode": "managed",
      "type": "google_compute_firewall",
      "name": "firewalli-int",
      "provider": "provider[\"registry.terraform.io/hashicorp/google\"]",
      "instances": [
        {
          "schema_version": 1,
          "attributes": {
            "allow": [
              {
                "ports": [],
                "protocol": "icmp"
              },
              {
                "ports": [],
                "protocol": "tcp"
              },
              {
                "ports": [],
                "protocol": "udp"
              }
            ],
            "creation_timestamp": "2021-05-02T07:17:23.323-07:00",
            "deny": [],
            "description": "",
            "destination_ranges": [],
            "direction": "INGRESS",
            "disabled": false,
            "enable_logging": null,
            "id": "projects/qwiklabs-gcp-03-aaba714f0a7e/global/firewalls/dev-firewall-int",
            "log_config": [],
            "name": "dev-firewall-int",
            "network": "https://www.googleapis.com/compute/v1/projects/qwiklabs-gcp-03-aaba714f0a7e/global/networks/dev-vpc",
            "priority": 1000,
            "project": "qwiklabs-gcp-03-aaba714f0a7e",
            "self_link": "https://www.googleapis.com/compute/v1/projects/qwiklabs-gcp-03-aaba714f0a7e/global/firewalls/dev-firewall-int",
            "source_ranges": [
              "10.240.0.0/24"
            ],
            "source_service_accounts": [],
            "source_tags": [],
            "target_service_accounts": [],
            "target_tags": [],
            "timeouts": null
          },
          "sensitive_attributes": [],
          "private": "eyJlMmJmYjczMC1lY2FhLTExZTYtOGY4OC0zNDM2M2JjN2M0YzAiOnsiY3JlYXRlIjoyNDAwMDAwMDAwMDAsImRlbGV0ZSI6MjQwMDAwMDAwMDAwLCJ1cGRhdGUiOjI0MDAwMDAwMDAwMH0sInNjaGVtYV92ZXJzaW9uIjoiMSJ9",
          "dependencies": [
            "module.subnet.google_compute_subnetwork.subnet",
            "module.vpc.google_compute_network.vpc"
          ]
        }
      ]
    },
    {
      "module": "module.gke",
      "mode": "managed",
      "type": "google_container_cluster",
      "name": "primary",
      "provider": "provider[\"registry.terraform.io/hashicorp/google\"]",
      "instances": [
        {
          "schema_version": 1,
          "attributes": {
            "addons_config": [
              {
                "cloudrun_config": [],
                "horizontal_pod_autoscaling": [
                  {
                    "disabled": false
                  }
                ],
                "http_load_balancing": [
                  {
                    "disabled": false
                  }
                ],
                "network_policy_config": [
                  {
                    "disabled": true
                  }
                ]
              }
            ],
            "authenticator_groups_config": [],
            "cluster_autoscaling": [
              {
                "auto_provisioning_defaults": [],
                "enabled": false,
                "resource_limits": []
              }
            ],
            "cluster_ipv4_cidr": "10.148.0.0/14",
            "database_encryption": [
              {
                "key_name": "",
                "state": "DECRYPTED"
              }
            ],
            "datapath_provider": "",
            "default_max_pods_per_node": null,
            "default_snat_status": [
              {
                "disabled": false
              }
            ],
            "description": "",
            "enable_autopilot": false,
            "enable_binary_authorization": false,
            "enable_intranode_visibility": false,
            "enable_kubernetes_alpha": false,
            "enable_legacy_abac": false,
            "enable_shielded_nodes": true,
            "enable_tpu": false,
            "endpoint": "35.239.121.121",
            "id": "projects/qwiklabs-gcp-03-aaba714f0a7e/locations/us-central1/clusters/gke-dev-cluster",
            "initial_node_count": 1,
            "instance_group_urls": [
              "https://www.googleapis.com/compute/v1/projects/qwiklabs-gcp-03-aaba714f0a7e/zones/us-central1-f/instanceGroups/gke-gke-dev-cluster-default-pool-ebcf5de1-grp",
              "https://www.googleapis.com/compute/v1/projects/qwiklabs-gcp-03-aaba714f0a7e/zones/us-central1-a/instanceGroups/gke-gke-dev-cluster-default-pool-0672838e-grp",
              "https://www.googleapis.com/compute/v1/projects/qwiklabs-gcp-03-aaba714f0a7e/zones/us-central1-c/instanceGroups/gke-gke-dev-cluster-default-pool-3ed710bb-grp"
            ],
            "ip_allocation_policy": [],
            "label_fingerprint": "a9dc16a7",
            "location": "us-central1",
            "logging_service": "logging.googleapis.com/kubernetes",
            "maintenance_policy": [],
            "master_auth": [
              {
                "client_certificate": "",
                "client_certificate_config": [
                  {
                    "issue_client_certificate": false
                  }
                ],
                "client_key": "",
                "cluster_ca_certificate": "LS0tLS1CRUdJTiBDRVJUSUZJQ0FURS0tLS0tCk1JSURLekNDQWhPZ0F3SUJBZ0lSQUpVK29lSVQ2MnVwa216WVR1L3lEVXd3RFFZSktvWklodmNOQVFFTEJRQXcKTHpFdE1Dc0dBMVVFQXhNa05XUTJaV1pqTVdRdE1qZGlZaTAwTW1JMUxXRmpaVFV0TURWaFlqRXpNMkZtT0RjNApNQjRYRFRJeE1EVXdNakV6TlRBek0xb1hEVEkyTURVd01URTBOVEF6TTFvd0x6RXRNQ3NHQTFVRUF4TWtOV1EyClpXWmpNV1F0TWpkaVlpMDBNbUkxTFdGalpUVXRNRFZoWWpFek0yRm1PRGM0TUlJQklqQU5CZ2txaGtpRzl3MEIKQVFFRkFBT0NBUThBTUlJQkNnS0NBUUVBdVZTOGNzU0FWUGVJL0MxdGQ1b2kyby8zVmJDckY5SEFtSHRXclpXYworaHc2WlhYNnhWZXVsWkpuYnBUQ1F2bDBqamk3OUpiNTN4Z3pDajRJQzFDQ3M2U0xBdzRzQ1U0eVVELzlUZXVaCnpuUDMwTGF0SnF5d3d2bWRhdUQyZjBPY21wWmhOR3h2WGp0T2t3bUVDRm1zVWpaWTZDV2J6U1d4Y1hFRnhTNnoKOE5zUzJmVzF2VVIwRU9lUkhrSUJwZzJ4dWt5TmFUd2YzYzNheUZ6TWxDT200eis5ckdrTW5wNDJBZ0hqdEhPZwpNVnc2K2JOaW1XK3R1QjVhYmtoOXpzaUIxYzFleDdkdDB1cWxqUGdkS0kxY2VOQjk4UHp2Q0Q0MXdTVmEwUlBFCkRjUmIzR3VwMGd3bU9hYnJ4cnJqcUlWRU8wM1h6LzhsVVpZY25kVCt0MU1FK1FJREFRQUJvMEl3UURBT0JnTlYKSFE4QkFmOEVCQU1DQWdRd0R3WURWUjBUQVFIL0JBVXdBd0VCL3pBZEJnTlZIUTRFRmdRVUUxWkJJdmV2MjBRNwpOeGFrUkJqbndSdXNSL2N3RFFZSktvWklodmNOQVFFTEJRQURnZ0VCQUJML2NPMmNFa0YvdE5UaXc3cy9YOXBHCnd3NjJhbXUyNTk1K0FpMzdRd0tpWVZ3eE5rUjNoeE16UXZGdTNlQTFqaTl6OWYzcVppdlhNbDYwcjFHQW5kc3oKNkpnWjB5bUhFbDBYaTdQbFp5UER2dG13akh6MmMxdGpMcHFOTCtvZUFxUGgrWXpwNVFWMGEvM05rMU15R3hNMApOUVVQZVFEZmIyWS80endnc0g5UDlRMGd4SlRQaWVEMFd2NHF6ME5BNEc4WjhOc3djVVlOZEZvWkJVZmlKWVJsCmxxZkxvcVBYQlB0bS9mdDR6S2t6bWNWWkdQZjRBS2VJbE85UEs4di9tcW9TZmZLcDkwU0dSVUd1Y3BwU2hMckoKK3ZHd2dicjQ3Vm5jaDdmMXBiV3VvcmE3R2wrN1AvdkhqeFZEMm1JQW8wVFF2UHFWSkRCakNpQW8wbmFhWUhzPQotLS0tLUVORCBDRVJUSUZJQ0FURS0tLS0tCg==",
                "password": "LifeOfPiIsAGoodMov333",
                "username": "msashish"
              }
            ],
            "master_authorized_networks_config": [],
            "master_version": "1.19.9-gke.1400",
            "min_master_version": "1.19.9-gke.1400",
            "monitoring_service": "monitoring.googleapis.com/kubernetes",
            "name": "gke-dev-cluster",
            "network": "projects/qwiklabs-gcp-03-aaba714f0a7e/global/networks/dev-vpc",
            "network_policy": [
              {
                "enabled": false,
                "provider": "PROVIDER_UNSPECIFIED"
              }
            ],
            "networking_mode": "ROUTES",
            "node_config": [
              {
                "disk_size_gb": 10,
                "disk_type": "pd-standard",
                "guest_accelerator": [],
                "image_type": "COS_CONTAINERD",
                "labels": {},
                "local_ssd_count": 0,
                "machine_type": "n1-standard-1",
                "metadata": {
                  "disable-legacy-endpoints": "true"
                },
                "min_cpu_platform": "",
                "oauth_scopes": [
                  "https://www.googleapis.com/auth/compute",
                  "https://www.googleapis.com/auth/devstorage.read_only",
                  "https://www.googleapis.com/auth/logging.write",
                  "https://www.googleapis.com/auth/monitoring"
                ],
                "preemptible": false,
                "service_account": "default",
                "shielded_instance_config": [
                  {
                    "enable_integrity_monitoring": true,
                    "enable_secure_boot": false
                  }
                ],
                "tags": [
                  "gke-node"
                ],
                "taint": [],
                "workload_metadata_config": []
              }
            ],
            "node_locations": [
              "us-central1-a",
              "us-central1-c",
              "us-central1-f"
            ],
            "node_pool": [
              {
                "autoscaling": [],
                "initial_node_count": 1,
                "instance_group_urls": [
                  "https://www.googleapis.com/compute/v1/projects/qwiklabs-gcp-03-aaba714f0a7e/zones/us-central1-f/instanceGroupManagers/gke-gke-dev-cluster-default-pool-ebcf5de1-grp",
                  "https://www.googleapis.com/compute/v1/projects/qwiklabs-gcp-03-aaba714f0a7e/zones/us-central1-a/instanceGroupManagers/gke-gke-dev-cluster-default-pool-0672838e-grp",
                  "https://www.googleapis.com/compute/v1/projects/qwiklabs-gcp-03-aaba714f0a7e/zones/us-central1-c/instanceGroupManagers/gke-gke-dev-cluster-default-pool-3ed710bb-grp"
                ],
                "management": [
                  {
                    "auto_repair": true,
                    "auto_upgrade": true
                  }
                ],
                "max_pods_per_node": 0,
                "name": "default-pool",
                "name_prefix": "",
                "node_config": [
                  {
                    "disk_size_gb": 10,
                    "disk_type": "pd-standard",
                    "guest_accelerator": [],
                    "image_type": "COS_CONTAINERD",
                    "labels": {},
                    "local_ssd_count": 0,
                    "machine_type": "n1-standard-1",
                    "metadata": {
                      "disable-legacy-endpoints": "true"
                    },
                    "min_cpu_platform": "",
                    "oauth_scopes": [
                      "https://www.googleapis.com/auth/compute",
                      "https://www.googleapis.com/auth/devstorage.read_only",
                      "https://www.googleapis.com/auth/logging.write",
                      "https://www.googleapis.com/auth/monitoring"
                    ],
                    "preemptible": false,
                    "service_account": "default",
                    "shielded_instance_config": [
                      {
                        "enable_integrity_monitoring": true,
                        "enable_secure_boot": false
                      }
                    ],
                    "tags": [
                      "gke-node"
                    ],
                    "taint": [],
                    "workload_metadata_config": []
                  }
                ],
                "node_count": 1,
                "node_locations": [
                  "us-central1-a",
                  "us-central1-c",
                  "us-central1-f"
                ],
                "upgrade_settings": [
                  {
                    "max_surge": 1,
                    "max_unavailable": 0
                  }
                ],
                "version": "1.19.9-gke.1400"
              }
            ],
            "node_version": "1.19.9-gke.1400",
            "operation": null,
            "pod_security_policy_config": [],
            "private_cluster_config": [],
            "private_ipv6_google_access": "",
            "project": "qwiklabs-gcp-03-aaba714f0a7e",
            "release_channel": [
              {
                "channel": "UNSPECIFIED"
              }
            ],
            "remove_default_node_pool": null,
            "resource_labels": null,
            "resource_usage_export_config": [],
            "self_link": "https://container.googleapis.com/v1beta1/projects/qwiklabs-gcp-03-aaba714f0a7e/locations/us-central1/clusters/gke-dev-cluster",
            "services_ipv4_cidr": "10.151.240.0/20",
            "subnetwork": "projects/qwiklabs-gcp-03-aaba714f0a7e/regions/us-central1/subnetworks/dev-subnet",
            "timeouts": null,
            "tpu_ipv4_cidr_block": "",
            "vertical_pod_autoscaling": [],
            "workload_identity_config": []
          },
          "sensitive_attributes": [],
          "private": "eyJlMmJmYjczMC1lY2FhLTExZTYtOGY4OC0zNDM2M2JjN2M0YzAiOnsiY3JlYXRlIjoyNDAwMDAwMDAwMDAwLCJkZWxldGUiOjI0MDAwMDAwMDAwMDAsInJlYWQiOjI0MDAwMDAwMDAwMDAsInVwZGF0ZSI6MzYwMDAwMDAwMDAwMH0sInNjaGVtYV92ZXJzaW9uIjoiMSJ9",
          "dependencies": [
            "data.google_container_engine_versions.central1a",
            "module.subnet.google_compute_subnetwork.subnet",
            "module.vpc.google_compute_network.vpc"
          ]
        }
      ]
    },
    {
      "module": "module.subnet",
      "mode": "managed",
      "type": "google_compute_subnetwork",
      "name": "subnet",
      "provider": "provider[\"registry.terraform.io/hashicorp/google\"]",
      "instances": [
        {
          "schema_version": 0,
          "attributes": {
            "creation_timestamp": "2021-05-02T07:17:00.083-07:00",
            "description": "",
            "fingerprint": null,
            "gateway_address": "10.240.0.1",
            "id": "projects/qwiklabs-gcp-03-aaba714f0a7e/regions/us-central1/subnetworks/dev-subnet",
            "ip_cidr_range": "10.240.0.0/24",
            "log_config": [],
            "name": "dev-subnet",
            "network": "https://www.googleapis.com/compute/v1/projects/qwiklabs-gcp-03-aaba714f0a7e/global/networks/dev-vpc",
            "private_ip_google_access": false,
            "private_ipv6_google_access": "DISABLE_GOOGLE_ACCESS",
            "project": "qwiklabs-gcp-03-aaba714f0a7e",
            "region": "us-central1",
            "secondary_ip_range": [],
            "self_link": "https://www.googleapis.com/compute/v1/projects/qwiklabs-gcp-03-aaba714f0a7e/regions/us-central1/subnetworks/dev-subnet",
            "timeouts": null
          },
          "sensitive_attributes": [],
          "private": "eyJlMmJmYjczMC1lY2FhLTExZTYtOGY4OC0zNDM2M2JjN2M0YzAiOnsiY3JlYXRlIjozNjAwMDAwMDAwMDAsImRlbGV0ZSI6MzYwMDAwMDAwMDAwLCJ1cGRhdGUiOjM2MDAwMDAwMDAwMH19",
          "dependencies": [
            "module.vpc.google_compute_network.vpc"
          ]
        }
      ]
    },
    {
      "module": "module.vpc",
      "mode": "managed",
      "type": "google_compute_network",
      "name": "vpc",
      "provider": "provider[\"registry.terraform.io/hashicorp/google\"]",
      "instances": [
        {
          "schema_version": 0,
          "attributes": {
            "auto_create_subnetworks": false,
            "delete_default_routes_on_create": false,
            "description": "",
            "gateway_ipv4": "",
            "id": "projects/qwiklabs-gcp-03-aaba714f0a7e/global/networks/dev-vpc",
            "mtu": 0,
            "name": "dev-vpc",
            "project": "qwiklabs-gcp-03-aaba714f0a7e",
            "routing_mode": "REGIONAL",
            "self_link": "https://www.googleapis.com/compute/v1/projects/qwiklabs-gcp-03-aaba714f0a7e/global/networks/dev-vpc",
            "timeouts": null
          },
          "sensitive_attributes": [],
          "private": "eyJlMmJmYjczMC1lY2FhLTExZTYtOGY4OC0zNDM2M2JjN2M0YzAiOnsiY3JlYXRlIjoyNDAwMDAwMDAwMDAsImRlbGV0ZSI6MjQwMDAwMDAwMDAwLCJ1cGRhdGUiOjI0MDAwMDAwMDAwMH19"
        }
      ]
    }
  ]
}
