{
  "version": 4,
  "terraform_version": "0.14.2",
  "serial": 12,
  "lineage": "2b2e6ea9-eed2-b734-a212-90970210e9f0",
  "outputs": {
    "ip_cidr_range": {
      "value": "10.240.0.0/24",
      "type": "string"
    },
    "master_instance_sql_ipv4": {
      "value": "34.67.40.118",
      "type": "string"
    },
    "project_id": {
      "value": "qwiklabs-gcp-03-aaba714f0a7e",
      "type": "string"
    },
    "vpc_name": {
      "value": "dev-vpc",
      "type": "string"
    }
  },
  "resources": [
    {
      "mode": "data",
      "type": "google_container_engine_versions",
      "name": "central1a",
      "provider": "provider[\"registry.terraform.io/hashicorp/google\"]",
      "instances": [
        {
          "schema_version": 0,
          "attributes": {
            "default_cluster_version": "1.17.17-gke.3700",
            "id": "2021-05-02 14:49:28.001611 +0000 UTC",
            "latest_master_version": null,
            "latest_node_version": "1.12.10-gke.22",
            "location": "us-central1-a",
            "project": null,
            "release_channel_default_version": {
              "RAPID": "1.19.9-gke.700",
              "REGULAR": "1.18.16-gke.502",
              "STABLE": "1.17.17-gke.3700"
            },
            "valid_master_versions": [],
            "valid_node_versions": [
              "1.12.10-gke.22",
              "1.12.10-gke.20",
              "1.12.10-gke.19",
              "1.12.10-gke.18",
              "1.12.10-gke.17",
              "1.12.10-gke.15",
              "1.12.10-gke.13",
              "1.12.10-gke.11",
              "1.12.10-gke.5",
              "1.12.9-gke.16",
              "1.12.9-gke.15",
              "1.12.9-gke.13",
              "1.12.9-gke.10",
              "1.12.9-gke.7",
              "1.12.9-gke.3",
              "1.12.8-gke.12",
              "1.12.8-gke.10",
              "1.12.8-gke.7",
              "1.12.8-gke.6",
              "1.12.7-gke.26",
              "1.12.7-gke.25",
              "1.12.7-gke.24",
              "1.12.7-gke.22",
              "1.12.7-gke.21",
              "1.12.7-gke.17",
              "1.12.7-gke.10",
              "1.12.7-gke.7",
              "1.12.6-gke.11",
              "1.12.6-gke.10",
              "1.12.6-gke.7",
              "1.12.5-gke.10",
              "1.12.5-gke.5"
            ],
            "version_prefix": "1.12."
          },
          "sensitive_attributes": []
        }
      ]
    },
    {
      "module": "module.cloudsql",
      "mode": "managed",
      "type": "google_sql_database_instance",
      "name": "master",
      "provider": "provider[\"registry.terraform.io/hashicorp/google\"]",
      "instances": [
        {
          "schema_version": 0,
          "attributes": {
            "clone": [],
            "connection_name": "qwiklabs-gcp-03-aaba714f0a7e:us-central1:sql-dev-917bf9b7",
            "database_version": "POSTGRES_9_6",
            "deletion_protection": true,
            "first_ip_address": "34.67.40.118",
            "id": "sql-dev-917bf9b7",
            "ip_address": [
              {
                "ip_address": "34.67.40.118",
                "time_to_retire": "",
                "type": "PRIMARY"
              }
            ],
            "master_instance_name": "",
            "name": "sql-dev-917bf9b7",
            "private_ip_address": "",
            "project": "qwiklabs-gcp-03-aaba714f0a7e",
            "public_ip_address": "34.67.40.118",
            "region": "us-central1",
            "replica_configuration": [],
            "restore_backup_context": [],
            "root_password": null,
            "self_link": "https://sqladmin.googleapis.com/sql/v1beta4/projects/qwiklabs-gcp-03-aaba714f0a7e/instances/sql-dev-917bf9b7",
            "server_ca_cert": [
              {
                "cert": "-----BEGIN CERTIFICATE-----\nMIIDfzCCAmegAwIBAgIBADANBgkqhkiG9w0BAQsFADB3MS0wKwYDVQQuEyQ1ODJj\nMGZjMS1jZGRlLTRjMzgtYjAxOS1lYjlkYzM0MDI2NTIxIzAhBgNVBAMTGkdvb2ds\nZSBDbG91ZCBTUUwgU2VydmVyIENBMRQwEgYDVQQKEwtHb29nbGUsIEluYzELMAkG\nA1UEBhMCVVMwHhcNMjEwNTAyMTQxODQ4WhcNMzEwNDMwMTQxOTQ4WjB3MS0wKwYD\nVQQuEyQ1ODJjMGZjMS1jZGRlLTRjMzgtYjAxOS1lYjlkYzM0MDI2NTIxIzAhBgNV\nBAMTGkdvb2dsZSBDbG91ZCBTUUwgU2VydmVyIENBMRQwEgYDVQQKEwtHb29nbGUs\nIEluYzELMAkGA1UEBhMCVVMwggEiMA0GCSqGSIb3DQEBAQUAA4IBDwAwggEKAoIB\nAQCDI7COCgJrCCTw7DMpGVkU99GbYdFFgvld8yrzQeuSLUYOLrSMF6NAo10C2Rsc\nw3Xbo4DKHX8pO2sjwD1kSx7QAAyRxKLkYRxArgWsD2E1gd6tkJS9n2wKhHUqrYrb\nwuT6FkDCfTyPEX/R0BW3/T/GLmi8Yx30vHgPAcxzU2GWdIbn/CIFuB477xACEPZI\nAkQiCUu3xEXEjvwcL0ItDv8klyWvfvrTV7tkCZLrOoC3fUjWY0pI+DzGt2fUaw8E\nfH+lQ/tQfTem3f2vgQBdOOx+Kp4JQDnv5I8pR9O4gesfWLY7oezqR+wBhmjYNM5h\n6+5GBfoMZoB10o9U+dDeJ/a/AgMBAAGjFjAUMBIGA1UdEwEB/wQIMAYBAf8CAQAw\nDQYJKoZIhvcNAQELBQADggEBAHmnYoiNftJ9hrykwaCnVy8zw1HsdDIkwL6mmA5D\nK6msRMNhQ3nlcaQK3vrUkiZqjs8AJL9XrJX2iB14Xh9+plrFCUkHJELP01KyMvLh\n0zbJvXreIfopheYDdesdf2Ps9AIcqhckOW9ekpL4SNgQtK/SxDnXBS89WK0v0e9S\nx9W0VufEcx98OF3dgJN9l2ReEJ8OZOc1n/M8o6XftHyR5DUwCLwocgr4JV31VUQp\n6lfjxf2URdsg6EVYBZWu09rxxBN+LktPQ4ZvvJoEC0HDkKZiIlDKB5JVsG+XWGpC\nMvjoc+/lYixT6G6d205/i9xHms8HFrEp+BL1shk0ktbXYsY=\n-----END CERTIFICATE-----",
                "common_name": "C=US,O=Google\\, Inc,CN=Google Cloud SQL Server CA,dnQualifier=582c0fc1-cdde-4c38-b019-eb9dc3402652",
                "create_time": "2021-05-02T14:18:48.109Z",
                "expiration_time": "2031-04-30T14:19:48.109Z",
                "sha1_fingerprint": "76925de1252c7d2bf720a71af2441b193af39370"
              }
            ],
            "service_account_email_address": "p183239314933-p6cvq2@gcp-sa-cloud-sql.iam.gserviceaccount.com",
            "settings": [
              {
                "activation_policy": "ALWAYS",
                "authorized_gae_applications": [],
                "availability_type": "ZONAL",
                "backup_configuration": [
                  {
                    "backup_retention_settings": [
                      {
                        "retained_backups": 7,
                        "retention_unit": "COUNT"
                      }
                    ],
                    "binary_log_enabled": false,
                    "enabled": true,
                    "location": "",
                    "point_in_time_recovery_enabled": false,
                    "start_time": "00:00",
                    "transaction_log_retention_days": 7
                  }
                ],
                "crash_safe_replication": false,
                "database_flags": [],
                "disk_autoresize": true,
                "disk_size": 10,
                "disk_type": "PD_SSD",
                "insights_config": [],
                "ip_configuration": [
                  {
                    "authorized_networks": [],
                    "ipv4_enabled": true,
                    "private_network": "",
                    "require_ssl": false
                  }
                ],
                "location_preference": [
                  {
                    "follow_gae_application": "",
                    "zone": "us-central1-a"
                  }
                ],
                "maintenance_window": [],
                "pricing_plan": "PER_USE",
                "replication_type": "SYNCHRONOUS",
                "tier": "db-f1-micro",
                "user_labels": {},
                "version": 1
              }
            ],
            "timeouts": null
          },
          "sensitive_attributes": [],
          "private": "eyJlMmJmYjczMC1lY2FhLTExZTYtOGY4OC0zNDM2M2JjN2M0YzAiOnsiY3JlYXRlIjoxODAwMDAwMDAwMDAwLCJkZWxldGUiOjE4MDAwMDAwMDAwMDAsInVwZGF0ZSI6MTgwMDAwMDAwMDAwMH19",
          "dependencies": [
            "module.cloudsql.random_id.id"
          ]
        }
      ]
    },
    {
      "module": "module.cloudsql",
      "mode": "managed",
      "type": "google_sql_user",
      "name": "user",
      "provider": "provider[\"registry.terraform.io/hashicorp/google\"]",
      "instances": [
        {
          "schema_version": 1,
          "attributes": {
            "deletion_policy": null,
            "host": "",
            "id": "msashish//sql-dev-917bf9b7",
            "instance": "sql-dev-917bf9b7",
            "name": "msashish",
            "password": "ShreeGanesh@1",
            "project": "qwiklabs-gcp-03-aaba714f0a7e",
            "timeouts": null,
            "type": ""
          },
          "sensitive_attributes": [],
          "private": "eyJlMmJmYjczMC1lY2FhLTExZTYtOGY4OC0zNDM2M2JjN2M0YzAiOnsiY3JlYXRlIjo2MDAwMDAwMDAwMDAsImRlbGV0ZSI6NjAwMDAwMDAwMDAwLCJ1cGRhdGUiOjYwMDAwMDAwMDAwMH0sInNjaGVtYV92ZXJzaW9uIjoiMSJ9",
          "dependencies": [
            "module.cloudsql.google_sql_database_instance.master",
            "module.cloudsql.google_sql_database_instance.replica",
            "module.cloudsql.random_id.id"
          ]
        }
      ]
    },
    {
      "module": "module.cloudsql",
      "mode": "managed",
      "type": "random_id",
      "name": "id",
      "provider": "module.cloudsql.provider[\"registry.terraform.io/hashicorp/random\"]",
      "instances": [
        {
          "schema_version": 0,
          "attributes": {
            "b64_std": "sql-dev-kXv5tw==",
            "b64_url": "sql-dev-kXv5tw",
            "byte_length": 4,
            "dec": "sql-dev-2440821175",
            "hex": "sql-dev-917bf9b7",
            "id": "kXv5tw",
            "keepers": null,
            "prefix": "sql-dev-"
          },
          "sensitive_attributes": [],
          "private": "bnVsbA=="
        }
      ]
    },
    {
      "module": "module.firewall",
      "mode": "managed",
      "type": "google_compute_firewall",
      "name": "firewalli-ext",
      "provider": "provider[\"registry.terraform.io/hashicorp/google\"]",
      "instances": [
        {
          "schema_version": 1,
          "attributes": {
            "allow": [
              {
                "ports": [
                  "22",
                  "6443"
                ],
                "protocol": "tcp"
              },
              {
                "ports": [],
                "protocol": "icmp"
              }
            ],
            "creation_timestamp": "2021-05-02T07:16:58.347-07:00",
            "deny": [],
            "description": "",
            "destination_ranges": [],
            "direction": "INGRESS",
            "disabled": false,
            "enable_logging": null,
            "id": "projects/qwiklabs-gcp-03-aaba714f0a7e/global/firewalls/dev-firewall-ext",
            "log_config": [],
            "name": "dev-firewall-ext",
            "network": "https://www.googleapis.com/compute/v1/projects/qwiklabs-gcp-03-aaba714f0a7e/global/networks/dev-vpc",
            "priority": 1000,
            "project": "qwiklabs-gcp-03-aaba714f0a7e",
            "self_link": "https://www.googleapis.com/compute/v1/projects/qwiklabs-gcp-03-aaba714f0a7e/global/firewalls/dev-firewall-ext",
            "source_ranges": [
              "0.0.0.0/0"
            ],
            "source_service_accounts": [],
            "source_tags": [],
            "target_service_accounts": [],
            "target_tags": [],
            "timeouts": null
          },
          "sensitive_attributes": [],
          "private": "eyJlMmJmYjczMC1lY2FhLTExZTYtOGY4OC0zNDM2M2JjN2M0YzAiOnsiY3JlYXRlIjoyNDAwMDAwMDAwMDAsImRlbGV0ZSI6MjQwMDAwMDAwMDAwLCJ1cGRhdGUiOjI0MDAwMDAwMDAwMH0sInNjaGVtYV92ZXJzaW9uIjoiMSJ9",
          "dependencies": [
            "module.vpc.google_compute_network.vpc"
          ]
        }
      ]
    },
    {
      "module": "module.firewall",
      "mode": "managed",
      "type": "google_compute_firewall",
      "name": "firewalli-int",
      "provider": "provider[\"registry.terraform.io/hashicorp/google\"]",
      "instances": [
        {
          "schema_version": 1,
          "attributes": {
            "allow": [
              {
                "ports": [],
                "protocol": "icmp"
              },
              {
                "ports": [],
                "protocol": "tcp"
              },
              {
                "ports": [],
                "protocol": "udp"
              }
            ],
            "creation_timestamp": "2021-05-02T07:17:23.323-07:00",
            "deny": [],
            "description": "",
            "destination_ranges": [],
            "direction": "INGRESS",
            "disabled": false,
            "enable_logging": null,
            "id": "projects/qwiklabs-gcp-03-aaba714f0a7e/global/firewalls/dev-firewall-int",
            "log_config": [],
            "name": "dev-firewall-int",
            "network": "https://www.googleapis.com/compute/v1/projects/qwiklabs-gcp-03-aaba714f0a7e/global/networks/dev-vpc",
            "priority": 1000,
            "project": "qwiklabs-gcp-03-aaba714f0a7e",
            "self_link": "https://www.googleapis.com/compute/v1/projects/qwiklabs-gcp-03-aaba714f0a7e/global/firewalls/dev-firewall-int",
            "source_ranges": [
              "10.240.0.0/24"
            ],
            "source_service_accounts": [],
            "source_tags": [],
            "target_service_accounts": [],
            "target_tags": [],
            "timeouts": null
          },
          "sensitive_attributes": [],
          "private": "eyJlMmJmYjczMC1lY2FhLTExZTYtOGY4OC0zNDM2M2JjN2M0YzAiOnsiY3JlYXRlIjoyNDAwMDAwMDAwMDAsImRlbGV0ZSI6MjQwMDAwMDAwMDAwLCJ1cGRhdGUiOjI0MDAwMDAwMDAwMH0sInNjaGVtYV92ZXJzaW9uIjoiMSJ9",
          "dependencies": [
            "module.subnet.google_compute_subnetwork.subnet",
            "module.vpc.google_compute_network.vpc"
          ]
        }
      ]
    },
    {
      "module": "module.subnet",
      "mode": "managed",
      "type": "google_compute_subnetwork",
      "name": "subnet",
      "provider": "provider[\"registry.terraform.io/hashicorp/google\"]",
      "instances": [
        {
          "schema_version": 0,
          "attributes": {
            "creation_timestamp": "2021-05-02T07:17:00.083-07:00",
            "description": "",
            "fingerprint": null,
            "gateway_address": "10.240.0.1",
            "id": "projects/qwiklabs-gcp-03-aaba714f0a7e/regions/us-central1/subnetworks/dev-subnet",
            "ip_cidr_range": "10.240.0.0/24",
            "log_config": [],
            "name": "dev-subnet",
            "network": "https://www.googleapis.com/compute/v1/projects/qwiklabs-gcp-03-aaba714f0a7e/global/networks/dev-vpc",
            "private_ip_google_access": false,
            "private_ipv6_google_access": "DISABLE_GOOGLE_ACCESS",
            "project": "qwiklabs-gcp-03-aaba714f0a7e",
            "region": "us-central1",
            "secondary_ip_range": [],
            "self_link": "https://www.googleapis.com/compute/v1/projects/qwiklabs-gcp-03-aaba714f0a7e/regions/us-central1/subnetworks/dev-subnet",
            "timeouts": null
          },
          "sensitive_attributes": [],
          "private": "eyJlMmJmYjczMC1lY2FhLTExZTYtOGY4OC0zNDM2M2JjN2M0YzAiOnsiY3JlYXRlIjozNjAwMDAwMDAwMDAsImRlbGV0ZSI6MzYwMDAwMDAwMDAwLCJ1cGRhdGUiOjM2MDAwMDAwMDAwMH19",
          "dependencies": [
            "module.vpc.google_compute_network.vpc"
          ]
        }
      ]
    },
    {
      "module": "module.vpc",
      "mode": "managed",
      "type": "google_compute_network",
      "name": "vpc",
      "provider": "provider[\"registry.terraform.io/hashicorp/google\"]",
      "instances": [
        {
          "schema_version": 0,
          "attributes": {
            "auto_create_subnetworks": false,
            "delete_default_routes_on_create": false,
            "description": "",
            "gateway_ipv4": "",
            "id": "projects/qwiklabs-gcp-03-aaba714f0a7e/global/networks/dev-vpc",
            "mtu": 0,
            "name": "dev-vpc",
            "project": "qwiklabs-gcp-03-aaba714f0a7e",
            "routing_mode": "REGIONAL",
            "self_link": "https://www.googleapis.com/compute/v1/projects/qwiklabs-gcp-03-aaba714f0a7e/global/networks/dev-vpc",
            "timeouts": null
          },
          "sensitive_attributes": [],
          "private": "eyJlMmJmYjczMC1lY2FhLTExZTYtOGY4OC0zNDM2M2JjN2M0YzAiOnsiY3JlYXRlIjoyNDAwMDAwMDAwMDAsImRlbGV0ZSI6MjQwMDAwMDAwMDAwLCJ1cGRhdGUiOjI0MDAwMDAwMDAwMH19"
        }
      ]
    }
  ]
}
